
Microsoft Visual Studio Solution File, Format Version 12.00
# Visual Studio Version 18
VisualStudioVersion = 18.6.11822.322 stable
MinimumVisualStudioVersion = 10.0.40219.1
Project("{FAE04EC0-301F-11D3-BF4B-00C04F79EFBC}") = "GymSystem.BLL", "GymSystem.BLL\GymSystem.BLL.csproj", "{0700B7A8-96D7-418C-B212-BFB288D65FA4}"
EndProject
Project("{FAE04EC0-301F-11D3-BF4B-00C04F79EFBC}") = "GymSystem.DAL", "GymSystem.DAL\GymSystem.DAL.csproj", "{AEAC1869-4760-4BB8-9CA6-579106F50A9A}"
EndProject
Project("{FAE04EC0-301F-11D3-BF4B-00C04F79EFBC}") = "GymSystem.PL", "GymSystem.PL\GymSystem.PL.csproj", "{B8B739C1-A386-4918-BE10-45D809E65A47}"
EndProject
Global
	GlobalSection(SolutionConfigurationPlatforms) = preSolution
		Debug|Any CPU = Debug|Any CPU
		Release|Any CPU = Release|Any CPU
	EndGlobalSection
	GlobalSection(ProjectConfigurationPlatforms) = postSolution
		{0700B7A8-96D7-418C-B212-BFB288D65FA4}.Debug|Any CPU.ActiveCfg = Debug|Any CPU
		{0700B7A8-96D7-418C-B212-BFB288D65FA4}.Debug|Any CPU.Build.0 = Debug|Any CPU
		{0700B7A8-96D7-418C-B212-BFB288D65FA4}.Release|Any CPU.ActiveCfg = Release|Any CPU
		{0700B7A8-96D7-418C-B212-BFB288D65FA4}.Release|Any CPU.Build.0 = Release|Any CPU
		{AEAC1869-4760-4BB8-9CA6-579106F50A9A}.Debug|Any CPU.ActiveCfg = Debug|Any CPU
		{AEAC1869-4760-4BB8-9CA6-579106F50A9A}.Debug|Any CPU.Build.0 = Debug|Any CPU
		{AEAC1869-4760-4BB8-9CA6-579106F50A9A}.Release|Any CPU.ActiveCfg = Release|Any CPU
		{AEAC1869-4760-4BB8-9CA6-579106F50A9A}.Release|Any CPU.Build.0 = Release|Any CPU
		{B8B739C1-A386-4918-BE10-45D809E65A47}.Debug|Any CPU.ActiveCfg = Debug|Any CPU
		{B8B739C1-A386-4918-BE10-45D809E65A47}.Debug|Any CPU.Build.0 = Debug|Any CPU
		{B8B739C1-A386-4918-BE10-45D809E65A47}.Release|Any CPU.ActiveCfg = Release|Any CPU
		{B8B739C1-A386-4918-BE10-45D809E65A47}.Release|Any CPU.Build.0 = Release|Any CPU
	EndGlobalSection
	GlobalSection(SolutionProperties) = preSolution
		HideSolutionNode = FALSE
	EndGlobalSection
	GlobalSection(ExtensibilityGlobals) = postSolution
		SolutionGuid = {05DC5626-6138-46C4-BC77-9C3EB1F0E4FF}
	EndGlobalSection
EndGlobal
